
Microsoft Visual Studio Solution File, Format Version 12.00
# Visual Studio Version 16
VisualStudioVersion = 16.0.30002.166
MinimumVisualStudioVersion = 10.0.40219.1
Project("{FAE04EC0-301F-11D3-BF4B-00C04F79EFBC}") = "TraceIt.Android", "TraceIt.Android\TraceIt.Android.csproj", "{F52ECCAE-193C-45C4-992F-1A4194A88847}"
EndProject
Project("{FAE04EC0-301F-11D3-BF4B-00C04F79EFBC}") = "TraceIt.iOS", "TraceIt.iOS\TraceIt.iOS.csproj", "{6B18CAD0-312B-42BD-8DAB-74ECCBBC59F4}"
EndProject
Project("{9A19103F-16F7-4668-BE54-9A1E7A4F7556}") = "TraceIt", "TraceIt\TraceIt.csproj", "{2F00420D-AD8B-409C-A139-EFDC729A9C8D}"
EndProject
Global
	GlobalSection(SolutionConfigurationPlatforms) = preSolution
		Debug|Any CPU = Debug|Any CPU
		Debug|iPhone = Debug|iPhone
		Debug|iPhoneSimulator = Debug|iPhoneSimulator
		Release|Any CPU = Release|Any CPU
		Release|iPhone = Release|iPhone
		Release|iPhoneSimulator = Release|iPhoneSimulator
	EndGlobalSection
	GlobalSection(ProjectConfigurationPlatforms) = postSolution
		{F52ECCAE-193C-45C4-992F-1A4194A88847}.Debug|Any CPU.ActiveCfg = Debug|Any CPU
		{F52ECCAE-193C-45C4-992F-1A4194A88847}.Debug|Any CPU.Build.0 = Debug|Any CPU
		{F52ECCAE-193C-45C4-992F-1A4194A88847}.Debug|Any CPU.Deploy.0 = Debug|Any CPU
		{F52ECCAE-193C-45C4-992F-1A4194A88847}.Debug|iPhone.ActiveCfg = Debug|Any CPU
		{F52ECCAE-193C-45C4-992F-1A4194A88847}.Debug|iPhone.Build.0 = Debug|Any CPU
		{F52ECCAE-193C-45C4-992F-1A4194A88847}.Debug|iPhone.Deploy.0 = Debug|Any CPU
		{F52ECCAE-193C-45C4-992F-1A4194A88847}.Debug|iPhoneSimulator.ActiveCfg = Debug|Any CPU
		{F52ECCAE-193C-45C4-992F-1A4194A88847}.Debug|iPhoneSimulator.Build.0 = Debug|Any CPU
		{F52ECCAE-193C-45C4-992F-1A4194A88847}.Debug|iPhoneSimulator.Deploy.0 = Debug|Any CPU
		{F52ECCAE-193C-45C4-992F-1A4194A88847}.Release|Any CPU.ActiveCfg = Release|Any CPU
		{F52ECCAE-193C-45C4-992F-1A4194A88847}.Release|Any CPU.Build.0 = Release|Any CPU
		{F52ECCAE-193C-45C4-992F-1A4194A88847}.Release|Any CPU.Deploy.0 = Release|Any CPU
		{F52ECCAE-193C-45C4-992F-1A4194A88847}.Release|iPhone.ActiveCfg = Release|Any CPU
		{F52ECCAE-193C-45C4-992F-1A4194A88847}.Release|iPhone.Build.0 = Release|Any CPU
		{F52ECCAE-193C-45C4-992F-1A4194A88847}.Release|iPhone.Deploy.0 = Release|Any CPU
		{F52ECCAE-193C-45C4-992F-1A4194A88847}.Release|iPhoneSimulator.ActiveCfg = Release|Any CPU
		{F52ECCAE-193C-45C4-992F-1A4194A88847}.Release|iPhoneSimulator.Build.0 = Release|Any CPU
		{F52ECCAE-193C-45C4-992F-1A4194A88847}.Release|iPhoneSimulator.Deploy.0 = Release|Any CPU
		{6B18CAD0-312B-42BD-8DAB-74ECCBBC59F4}.Debug|Any CPU.ActiveCfg = Debug|iPhone
		{6B18CAD0-312B-42BD-8DAB-74ECCBBC59F4}.Debug|Any CPU.Build.0 = Debug|iPhone
		{6B18CAD0-312B-42BD-8DAB-74ECCBBC59F4}.Debug|Any CPU.Deploy.0 = Debug|iPhone
		{6B18CAD0-312B-42BD-8DAB-74ECCBBC59F4}.Debug|iPhone.ActiveCfg = Debug|iPhone
		{6B18CAD0-312B-42BD-8DAB-74ECCBBC59F4}.Debug|iPhone.Build.0 = Debug|iPhone
		{6B18CAD0-312B-42BD-8DAB-74ECCBBC59F4}.Debug|iPhone.Deploy.0 = Debug|iPhone
		{6B18CAD0-312B-42BD-8DAB-74ECCBBC59F4}.Debug|iPhoneSimulator.ActiveCfg = Debug|iPhoneSimulator
		{6B18CAD0-312B-42BD-8DAB-74ECCBBC59F4}.Debug|iPhoneSimulator.Build.0 = Debug|iPhoneSimulator
		{6B18CAD0-312B-42BD-8DAB-74ECCBBC59F4}.Debug|iPhoneSimulator.Deploy.0 = Debug|iPhoneSimulator
		{6B18CAD0-312B-42BD-8DAB-74ECCBBC59F4}.Release|Any CPU.ActiveCfg = Release|iPhone
		{6B18CAD0-312B-42BD-8DAB-74ECCBBC59F4}.Release|Any CPU.Build.0 = Release|iPhone
		{6B18CAD0-312B-42BD-8DAB-74ECCBBC59F4}.Release|Any CPU.Deploy.0 = Release|iPhone
		{6B18CAD0-312B-42BD-8DAB-74ECCBBC59F4}.Release|iPhone.ActiveCfg = Release|iPhone
		{6B18CAD0-312B-42BD-8DAB-74ECCBBC59F4}.Release|iPhone.Build.0 = Release|iPhone
		{6B18CAD0-312B-42BD-8DAB-74ECCBBC59F4}.Release|iPhone.Deploy.0 = Release|iPhone
		{6B18CAD0-312B-42BD-8DAB-74ECCBBC59F4}.Release|iPhoneSimulator.ActiveCfg = Release|iPhoneSimulator
		{6B18CAD0-312B-42BD-8DAB-74ECCBBC59F4}.Release|iPhoneSimulator.Build.0 = Release|iPhoneSimulator
		{6B18CAD0-312B-42BD-8DAB-74ECCBBC59F4}.Release|iPhoneSimulator.Deploy.0 = Release|iPhoneSimulator
		{2F00420D-AD8B-409C-A139-EFDC729A9C8D}.Debug|Any CPU.ActiveCfg = Debug|Any CPU
		{2F00420D-AD8B-409C-A139-EFDC729A9C8D}.Debug|Any CPU.Build.0 = Debug|Any CPU
		{2F00420D-AD8B-409C-A139-EFDC729A9C8D}.Debug|Any CPU.Deploy.0 = Debug|Any CPU
		{2F00420D-AD8B-409C-A139-EFDC729A9C8D}.Debug|iPhone.ActiveCfg = Debug|Any CPU
		{2F00420D-AD8B-409C-A139-EFDC729A9C8D}.Debug|iPhone.Build.0 = Debug|Any CPU
		{2F00420D-AD8B-409C-A139-EFDC729A9C8D}.Debug|iPhone.Deploy.0 = Debug|Any CPU
		{2F00420D-AD8B-409C-A139-EFDC729A9C8D}.Debug|iPhoneSimulator.ActiveCfg = Debug|Any CPU
		{2F00420D-AD8B-409C-A139-EFDC729A9C8D}.Debug|iPhoneSimulator.Build.0 = Debug|Any CPU
		{2F00420D-AD8B-409C-A139-EFDC729A9C8D}.Debug|iPhoneSimulator.Deploy.0 = Debug|Any CPU
		{2F00420D-AD8B-409C-A139-EFDC729A9C8D}.Release|Any CPU.ActiveCfg = Release|Any CPU
		{2F00420D-AD8B-409C-A139-EFDC729A9C8D}.Release|Any CPU.Build.0 = Release|Any CPU
		{2F00420D-AD8B-409C-A139-EFDC729A9C8D}.Release|Any CPU.Deploy.0 = Release|Any CPU
		{2F00420D-AD8B-409C-A139-EFDC729A9C8D}.Release|iPhone.ActiveCfg = Release|Any CPU
		{2F00420D-AD8B-409C-A139-EFDC729A9C8D}.Release|iPhone.Build.0 = Release|Any CPU
		{2F00420D-AD8B-409C-A139-EFDC729A9C8D}.Release|iPhone.Deploy.0 = Release|Any CPU
		{2F00420D-AD8B-409C-A139-EFDC729A9C8D}.Release|iPhoneSimulator.ActiveCfg = Release|Any CPU
		{2F00420D-AD8B-409C-A139-EFDC729A9C8D}.Release|iPhoneSimulator.Build.0 = Release|Any CPU
		{2F00420D-AD8B-409C-A139-EFDC729A9C8D}.Release|iPhoneSimulator.Deploy.0 = Release|Any CPU
	EndGlobalSection
	GlobalSection(SolutionProperties) = preSolution
		HideSolutionNode = FALSE
	EndGlobalSection
	GlobalSection(ExtensibilityGlobals) = postSolution
		SolutionGuid = {4607D229-6322-442B-B609-6D150BB68154}
	EndGlobalSection
EndGlobal
